
Microsoft Visual Studio Solution File, Format Version 12.00
# Visual Studio Version 17
VisualStudioVersion = 17.8.34330.188
MinimumVisualStudioVersion = 10.0.40219.1
Project("{FAE04EC0-301F-11D3-BF4B-00C04F79EFBC}") = "bot_maxim", "bot_maxim.csproj", "{480DACA1-9090-47C4-8D96-3DDF4443429F}"
EndProject
Global
	GlobalSection(SolutionConfigurationPlatforms) = preSolution
		Debug|Any CPU = Debug|Any CPU
		Release|Any CPU = Release|Any CPU
	EndGlobalSection
	GlobalSection(ProjectConfigurationPlatforms) = postSolution
		{480DACA1-9090-47C4-8D96-3DDF4443429F}.Debug|Any CPU.ActiveCfg = Debug|Any CPU
		{480DACA1-9090-47C4-8D96-3DDF4443429F}.Debug|Any CPU.Build.0 = Debug|Any CPU
		{480DACA1-9090-47C4-8D96-3DDF4443429F}.Release|Any CPU.ActiveCfg = Release|Any CPU
		{480DACA1-9090-47C4-8D96-3DDF4443429F}.Release|Any CPU.Build.0 = Release|Any CPU
	EndGlobalSection
	GlobalSection(SolutionProperties) = preSolution
		HideSolutionNode = FALSE
	EndGlobalSection
	GlobalSection(ExtensibilityGlobals) = postSolution
		SolutionGuid = {02122F69-2EDB-480B-A8EC-DEF3D175A814}
	EndGlobalSection
EndGlobal
